
Microsoft Visual Studio Solution File, Format Version 12.00
# Visual Studio Version 16
VisualStudioVersion = 16.0.30804.86
MinimumVisualStudioVersion = 10.0.40219.1
Project("{9A19103F-16F7-4668-BE54-9A1E7A4F7556}") = "BusinessListings", "BusinessListings.csproj", "{EF05F7EA-6E43-406C-9846-61F91F9328A7}"
EndProject
Project("{9A19103F-16F7-4668-BE54-9A1E7A4F7556}") = "Country", "..\Country\Country.csproj", "{CB43185B-A72A-46D5-A8EF-FE27D2767440}"
EndProject
Project("{FAE04EC0-301F-11D3-BF4B-00C04F79EFBC}") = "LocationApp2", "..\LocationApp2\LocationApp2.csproj", "{75DED047-FB10-4824-84BD-34D4AC592C0A}"
EndProject
Global
	GlobalSection(SolutionConfigurationPlatforms) = preSolution
		Debug|Any CPU = Debug|Any CPU
		Release|Any CPU = Release|Any CPU
	EndGlobalSection
	GlobalSection(ProjectConfigurationPlatforms) = postSolution
		{EF05F7EA-6E43-406C-9846-61F91F9328A7}.Debug|Any CPU.ActiveCfg = Debug|Any CPU
		{EF05F7EA-6E43-406C-9846-61F91F9328A7}.Debug|Any CPU.Build.0 = Debug|Any CPU
		{EF05F7EA-6E43-406C-9846-61F91F9328A7}.Release|Any CPU.ActiveCfg = Release|Any CPU
		{EF05F7EA-6E43-406C-9846-61F91F9328A7}.Release|Any CPU.Build.0 = Release|Any CPU
		{CB43185B-A72A-46D5-A8EF-FE27D2767440}.Debug|Any CPU.ActiveCfg = Debug|Any CPU
		{CB43185B-A72A-46D5-A8EF-FE27D2767440}.Debug|Any CPU.Build.0 = Debug|Any CPU
		{CB43185B-A72A-46D5-A8EF-FE27D2767440}.Release|Any CPU.ActiveCfg = Release|Any CPU
		{CB43185B-A72A-46D5-A8EF-FE27D2767440}.Release|Any CPU.Build.0 = Release|Any CPU
		{75DED047-FB10-4824-84BD-34D4AC592C0A}.Debug|Any CPU.ActiveCfg = Debug|Any CPU
		{75DED047-FB10-4824-84BD-34D4AC592C0A}.Debug|Any CPU.Build.0 = Debug|Any CPU
		{75DED047-FB10-4824-84BD-34D4AC592C0A}.Release|Any CPU.ActiveCfg = Release|Any CPU
		{75DED047-FB10-4824-84BD-34D4AC592C0A}.Release|Any CPU.Build.0 = Release|Any CPU
	EndGlobalSection
	GlobalSection(SolutionProperties) = preSolution
		HideSolutionNode = FALSE
	EndGlobalSection
	GlobalSection(ExtensibilityGlobals) = postSolution
		SolutionGuid = {00DA60B5-FA86-4654-935B-44421249CE4F}
	EndGlobalSection
EndGlobal
